schema: '2.0'
stages:
  data_visualization:
    cmd: python src/data_visualization.py
    deps:
    - path: data/raw/datos_creditos.csv
      hash: md5
      md5: 3b26edd22e8827f890d7cd32efe475b7
      size: 663047
    - path: data/raw/datos_tarjetas.csv
      hash: md5
      md5: 9e197c893925601cd447c81256e8cf07
      size: 845190
    - path: src/data_visualization.py
      hash: md5
      md5: d09e95fff1e105996c457f5d65141090
      size: 4325
    outs:
    - path: docs/figures/boxplot_importe_falta_pago.png
      hash: md5
      md5: d038db365e105a4a698e8789b048ae98
      size: 25078
    - path: docs/figures/boxplot_limite_nivel_tarjeta.png
      hash: md5
      md5: 8659bc259b3bb59c77b08ea35995152a
      size: 22826
    - path: docs/figures/correlation_heatmap_creditos.png
      hash: md5
      md5: 74a83f598a865f4b29ffd7bcdcb90e37
      size: 80680
    - path: docs/figures/correlation_heatmap_tarjetas.png
      hash: md5
      md5: cd3364f027701a4c6ae9846d842d3ba4
      size: 56582
    - path: docs/figures/target_distribution.png
      hash: md5
      md5: 572f0cf0325c23e20d6d1ec246b01998
      size: 21491
    - path: docs/reporte_creditos.html
      hash: md5
      md5: 55de23d67bfd63c25e1573335b6baaad
      size: 3824635
    - path: docs/reporte_tarjetas.html
      hash: md5
      md5: 5631273dddfb2eda2b572f176bd84713
      size: 3049047
